
Microsoft Visual Studio Solution File, Format Version 12.00
# Visual Studio Version 16
VisualStudioVersion = 16.0.29521.150
MinimumVisualStudioVersion = 10.0.40219.1
Project("{FAE04EC0-301F-11D3-BF4B-00C04F79EFBC}") = "SantaTalk.Android", "SantaTalk.Android\SantaTalk.Android.csproj", "{996AB327-0DDE-4640-AA91-F9EF4D3DDF0B}"
EndProject
Project("{FAE04EC0-301F-11D3-BF4B-00C04F79EFBC}") = "SantaTalk.iOS", "SantaTalk.iOS\SantaTalk.iOS.csproj", "{877BB238-DCD8-4E37-9169-84F7CCE19387}"
EndProject
Project("{9A19103F-16F7-4668-BE54-9A1E7A4F7556}") = "SantaTalk.Core", "SantaTalk.Core\SantaTalk.Core.csproj", "{8937B8DC-4533-4834-93BC-5B3E527AF40E}"
EndProject
Project("{9A19103F-16F7-4668-BE54-9A1E7A4F7556}") = "SantaTalk.Functions", "Functions\SantaTalk.Functions\SantaTalk.Functions.csproj", "{953CE0A8-C445-4808-9716-A001BED9E1F0}"
EndProject
Project("{FAE04EC0-301F-11D3-BF4B-00C04F79EFBC}") = "SantaTalk.Models", "Functions\SantaTalk.Models\SantaTalk.Models.csproj", "{53D6A656-DEC0-44E6-BE81-A3804038D146}"
EndProject
Global
	GlobalSection(SolutionConfigurationPlatforms) = preSolution
		Debug|Any CPU = Debug|Any CPU
		Debug|iPhone = Debug|iPhone
		Debug|iPhoneSimulator = Debug|iPhoneSimulator
		Release|Any CPU = Release|Any CPU
		Release|iPhone = Release|iPhone
		Release|iPhoneSimulator = Release|iPhoneSimulator
	EndGlobalSection
	GlobalSection(ProjectConfigurationPlatforms) = postSolution
		{996AB327-0DDE-4640-AA91-F9EF4D3DDF0B}.Debug|Any CPU.ActiveCfg = Debug|Any CPU
		{996AB327-0DDE-4640-AA91-F9EF4D3DDF0B}.Debug|Any CPU.Build.0 = Debug|Any CPU
		{996AB327-0DDE-4640-AA91-F9EF4D3DDF0B}.Debug|Any CPU.Deploy.0 = Debug|Any CPU
		{996AB327-0DDE-4640-AA91-F9EF4D3DDF0B}.Debug|iPhone.ActiveCfg = Debug|Any CPU
		{996AB327-0DDE-4640-AA91-F9EF4D3DDF0B}.Debug|iPhone.Build.0 = Debug|Any CPU
		{996AB327-0DDE-4640-AA91-F9EF4D3DDF0B}.Debug|iPhone.Deploy.0 = Debug|Any CPU
		{996AB327-0DDE-4640-AA91-F9EF4D3DDF0B}.Debug|iPhoneSimulator.ActiveCfg = Debug|Any CPU
		{996AB327-0DDE-4640-AA91-F9EF4D3DDF0B}.Debug|iPhoneSimulator.Build.0 = Debug|Any CPU
		{996AB327-0DDE-4640-AA91-F9EF4D3DDF0B}.Debug|iPhoneSimulator.Deploy.0 = Debug|Any CPU
		{996AB327-0DDE-4640-AA91-F9EF4D3DDF0B}.Release|Any CPU.ActiveCfg = Release|Any CPU
		{996AB327-0DDE-4640-AA91-F9EF4D3DDF0B}.Release|Any CPU.Build.0 = Release|Any CPU
		{996AB327-0DDE-4640-AA91-F9EF4D3DDF0B}.Release|Any CPU.Deploy.0 = Release|Any CPU
		{996AB327-0DDE-4640-AA91-F9EF4D3DDF0B}.Release|iPhone.ActiveCfg = Release|Any CPU
		{996AB327-0DDE-4640-AA91-F9EF4D3DDF0B}.Release|iPhone.Build.0 = Release|Any CPU
		{996AB327-0DDE-4640-AA91-F9EF4D3DDF0B}.Release|iPhone.Deploy.0 = Release|Any CPU
		{996AB327-0DDE-4640-AA91-F9EF4D3DDF0B}.Release|iPhoneSimulator.ActiveCfg = Release|Any CPU
		{996AB327-0DDE-4640-AA91-F9EF4D3DDF0B}.Release|iPhoneSimulator.Build.0 = Release|Any CPU
		{996AB327-0DDE-4640-AA91-F9EF4D3DDF0B}.Release|iPhoneSimulator.Deploy.0 = Release|Any CPU
		{877BB238-DCD8-4E37-9169-84F7CCE19387}.Debug|Any CPU.ActiveCfg = Debug|iPhoneSimulator
		{877BB238-DCD8-4E37-9169-84F7CCE19387}.Debug|Any CPU.Build.0 = Debug|iPhoneSimulator
		{877BB238-DCD8-4E37-9169-84F7CCE19387}.Debug|Any CPU.Deploy.0 = Debug|iPhoneSimulator
		{877BB238-DCD8-4E37-9169-84F7CCE19387}.Debug|iPhone.ActiveCfg = Debug|iPhone
		{877BB238-DCD8-4E37-9169-84F7CCE19387}.Debug|iPhone.Build.0 = Debug|iPhone
		{877BB238-DCD8-4E37-9169-84F7CCE19387}.Debug|iPhone.Deploy.0 = Debug|iPhone
		{877BB238-DCD8-4E37-9169-84F7CCE19387}.Debug|iPhoneSimulator.ActiveCfg = Debug|iPhoneSimulator
		{877BB238-DCD8-4E37-9169-84F7CCE19387}.Debug|iPhoneSimulator.Build.0 = Debug|iPhoneSimulator
		{877BB238-DCD8-4E37-9169-84F7CCE19387}.Debug|iPhoneSimulator.Deploy.0 = Debug|iPhoneSimulator
		{877BB238-DCD8-4E37-9169-84F7CCE19387}.Release|Any CPU.ActiveCfg = Release|iPhone
		{877BB238-DCD8-4E37-9169-84F7CCE19387}.Release|Any CPU.Build.0 = Release|iPhone
		{877BB238-DCD8-4E37-9169-84F7CCE19387}.Release|Any CPU.Deploy.0 = Release|iPhone
		{877BB238-DCD8-4E37-9169-84F7CCE19387}.Release|iPhone.ActiveCfg = Release|iPhone
		{877BB238-DCD8-4E37-9169-84F7CCE19387}.Release|iPhone.Build.0 = Release|iPhone
		{877BB238-DCD8-4E37-9169-84F7CCE19387}.Release|iPhone.Deploy.0 = Release|iPhone
		{877BB238-DCD8-4E37-9169-84F7CCE19387}.Release|iPhoneSimulator.ActiveCfg = Release|iPhoneSimulator
		{877BB238-DCD8-4E37-9169-84F7CCE19387}.Release|iPhoneSimulator.Build.0 = Release|iPhoneSimulator
		{877BB238-DCD8-4E37-9169-84F7CCE19387}.Release|iPhoneSimulator.Deploy.0 = Release|iPhoneSimulator
		{8937B8DC-4533-4834-93BC-5B3E527AF40E}.Debug|Any CPU.ActiveCfg = Debug|Any CPU
		{8937B8DC-4533-4834-93BC-5B3E527AF40E}.Debug|Any CPU.Build.0 = Debug|Any CPU
		{8937B8DC-4533-4834-93BC-5B3E527AF40E}.Debug|Any CPU.Deploy.0 = Debug|Any CPU
		{8937B8DC-4533-4834-93BC-5B3E527AF40E}.Debug|iPhone.ActiveCfg = Debug|Any CPU
		{8937B8DC-4533-4834-93BC-5B3E527AF40E}.Debug|iPhone.Build.0 = Debug|Any CPU
		{8937B8DC-4533-4834-93BC-5B3E527AF40E}.Debug|iPhone.Deploy.0 = Debug|Any CPU
		{8937B8DC-4533-4834-93BC-5B3E527AF40E}.Debug|iPhoneSimulator.ActiveCfg = Debug|Any CPU
		{8937B8DC-4533-4834-93BC-5B3E527AF40E}.Debug|iPhoneSimulator.Build.0 = Debug|Any CPU
		{8937B8DC-4533-4834-93BC-5B3E527AF40E}.Debug|iPhoneSimulator.Deploy.0 = Debug|Any CPU
		{8937B8DC-4533-4834-93BC-5B3E527AF40E}.Release|Any CPU.ActiveCfg = Release|Any CPU
		{8937B8DC-4533-4834-93BC-5B3E527AF40E}.Release|Any CPU.Build.0 = Release|Any CPU
		{8937B8DC-4533-4834-93BC-5B3E527AF40E}.Release|Any CPU.Deploy.0 = Release|Any CPU
		{8937B8DC-4533-4834-93BC-5B3E527AF40E}.Release|iPhone.ActiveCfg = Release|Any CPU
		{8937B8DC-4533-4834-93BC-5B3E527AF40E}.Release|iPhone.Build.0 = Release|Any CPU
		{8937B8DC-4533-4834-93BC-5B3E527AF40E}.Release|iPhone.Deploy.0 = Release|Any CPU
		{8937B8DC-4533-4834-93BC-5B3E527AF40E}.Release|iPhoneSimulator.ActiveCfg = Release|Any CPU
		{8937B8DC-4533-4834-93BC-5B3E527AF40E}.Release|iPhoneSimulator.Build.0 = Release|Any CPU
		{8937B8DC-4533-4834-93BC-5B3E527AF40E}.Release|iPhoneSimulator.Deploy.0 = Release|Any CPU
		{953CE0A8-C445-4808-9716-A001BED9E1F0}.Debug|Any CPU.ActiveCfg = Debug|Any CPU
		{953CE0A8-C445-4808-9716-A001BED9E1F0}.Debug|Any CPU.Build.0 = Debug|Any CPU
		{953CE0A8-C445-4808-9716-A001BED9E1F0}.Debug|iPhone.ActiveCfg = Debug|Any CPU
		{953CE0A8-C445-4808-9716-A001BED9E1F0}.Debug|iPhone.Build.0 = Debug|Any CPU
		{953CE0A8-C445-4808-9716-A001BED9E1F0}.Debug|iPhoneSimulator.ActiveCfg = Debug|Any CPU
		{953CE0A8-C445-4808-9716-A001BED9E1F0}.Debug|iPhoneSimulator.Build.0 = Debug|Any CPU
		{953CE0A8-C445-4808-9716-A001BED9E1F0}.Release|Any CPU.ActiveCfg = Release|Any CPU
		{953CE0A8-C445-4808-9716-A001BED9E1F0}.Release|Any CPU.Build.0 = Release|Any CPU
		{953CE0A8-C445-4808-9716-A001BED9E1F0}.Release|iPhone.ActiveCfg = Release|Any CPU
		{953CE0A8-C445-4808-9716-A001BED9E1F0}.Release|iPhone.Build.0 = Release|Any CPU
		{953CE0A8-C445-4808-9716-A001BED9E1F0}.Release|iPhoneSimulator.ActiveCfg = Release|Any CPU
		{953CE0A8-C445-4808-9716-A001BED9E1F0}.Release|iPhoneSimulator.Build.0 = Release|Any CPU
		{53D6A656-DEC0-44E6-BE81-A3804038D146}.Debug|Any CPU.ActiveCfg = Debug|Any CPU
		{53D6A656-DEC0-44E6-BE81-A3804038D146}.Debug|Any CPU.Build.0 = Debug|Any CPU
		{53D6A656-DEC0-44E6-BE81-A3804038D146}.Debug|iPhone.ActiveCfg = Debug|Any CPU
		{53D6A656-DEC0-44E6-BE81-A3804038D146}.Debug|iPhone.Build.0 = Debug|Any CPU
		{53D6A656-DEC0-44E6-BE81-A3804038D146}.Debug|iPhoneSimulator.ActiveCfg = Debug|Any CPU
		{53D6A656-DEC0-44E6-BE81-A3804038D146}.Debug|iPhoneSimulator.Build.0 = Debug|Any CPU
		{53D6A656-DEC0-44E6-BE81-A3804038D146}.Release|Any CPU.ActiveCfg = Release|Any CPU
		{53D6A656-DEC0-44E6-BE81-A3804038D146}.Release|Any CPU.Build.0 = Release|Any CPU
		{53D6A656-DEC0-44E6-BE81-A3804038D146}.Release|iPhone.ActiveCfg = Release|Any CPU
		{53D6A656-DEC0-44E6-BE81-A3804038D146}.Release|iPhone.Build.0 = Release|Any CPU
		{53D6A656-DEC0-44E6-BE81-A3804038D146}.Release|iPhoneSimulator.ActiveCfg = Release|Any CPU
		{53D6A656-DEC0-44E6-BE81-A3804038D146}.Release|iPhoneSimulator.Build.0 = Release|Any CPU
	EndGlobalSection
	GlobalSection(SolutionProperties) = preSolution
		HideSolutionNode = FALSE
	EndGlobalSection
	GlobalSection(ExtensibilityGlobals) = postSolution
		SolutionGuid = {4C4F9C96-418C-46A2-AB0D-564AA5B0287C}
	EndGlobalSection
EndGlobal
